
Microsoft Visual Studio Solution File, Format Version 12.00
# Visual Studio Version 17
VisualStudioVersion = 17.9.34622.214
MinimumVisualStudioVersion = 10.0.40219.1
Project("{9A19103F-16F7-4668-BE54-9A1E7A4F7556}") = "Ex1.ConsoleApp", "Exercicios1.ConsoleApp\Ex1.ConsoleApp.csproj", "{8AFFCFEC-286E-42A6-B2C2-D7B1DF3D2408}"
EndProject
Project("{2150E333-8FDC-42A3-9474-1A3956D46DE8}") = "Ex1", "Ex1", "{FE8CDEFF-1F49-4CD6-8464-8AAD14D372D1}"
EndProject
Project("{2150E333-8FDC-42A3-9474-1A3956D46DE8}") = "Ex2", "Ex2", "{E0EBFE5F-66F8-441B-AD60-8967483FB182}"
EndProject
Project("{9A19103F-16F7-4668-BE54-9A1E7A4F7556}") = "Ex2.ConsoleApp", "Ex2.ConsoleApp\Ex2.ConsoleApp.csproj", "{874BB93E-2E1F-410F-822D-DC8A76CC90D4}"
EndProject
Project("{2150E333-8FDC-42A3-9474-1A3956D46DE8}") = "Ex3", "Ex3", "{45501728-478B-4865-BA6E-2916AC58322E}"
EndProject
Project("{9A19103F-16F7-4668-BE54-9A1E7A4F7556}") = "Ex3.ConsoleApp", "Ex3.ConsoleApp\Ex3.ConsoleApp.csproj", "{C3C4DBFC-7B73-4639-AABE-998BFF338A8F}"
EndProject
Project("{2150E333-8FDC-42A3-9474-1A3956D46DE8}") = "Ex4", "Ex4", "{A0694CD8-B162-49C3-B879-AA0175FD4A1B}"
EndProject
Project("{9A19103F-16F7-4668-BE54-9A1E7A4F7556}") = "Ex4.ConsoleApp", "Ex4.ConsoleApp\Ex4.ConsoleApp.csproj", "{53E5B776-37E4-476F-9A11-AD703E72B54E}"
EndProject
Project("{2150E333-8FDC-42A3-9474-1A3956D46DE8}") = "Ex5", "Ex5", "{89304139-CB07-41F0-90E4-F84A5EDCD0D6}"
EndProject
Project("{9A19103F-16F7-4668-BE54-9A1E7A4F7556}") = "Ex5.ConsoleApp", "Ex.5ConsoleApp\Ex5.ConsoleApp.csproj", "{19D20AC1-E57F-4246-9343-F6C226C54CB6}"
EndProject
Project("{2150E333-8FDC-42A3-9474-1A3956D46DE8}") = "Ex6", "Ex6", "{6160E560-A079-4DD6-94D8-E52FD19BBBAC}"
EndProject
Project("{9A19103F-16F7-4668-BE54-9A1E7A4F7556}") = "Ex6.ConsoleApp", "Ex6.ConsoleApp\Ex6.ConsoleApp.csproj", "{F0002805-4C46-484E-8367-D5F3D2660AF0}"
EndProject
Project("{2150E333-8FDC-42A3-9474-1A3956D46DE8}") = "Ex7", "Ex7", "{AF92BAC1-5FAF-4D4F-B031-62B9C2F895FE}"
EndProject
Project("{9A19103F-16F7-4668-BE54-9A1E7A4F7556}") = "Ex7.ConsoleApp", "Ex7.ConsoleApp\Ex7.ConsoleApp.csproj", "{D09C8449-6212-4ADD-AA67-21757AC6DD9C}"
EndProject
Project("{2150E333-8FDC-42A3-9474-1A3956D46DE8}") = "Ex8", "Ex8", "{7247EE3B-0267-4437-876B-936EA2F1AE02}"
EndProject
Project("{9A19103F-16F7-4668-BE54-9A1E7A4F7556}") = "Ex8.ConsoleApp", "Ex8.ConsoleApp\Ex8.ConsoleApp.csproj", "{CA8AD508-05D5-4BA5-BDDF-A394DC4E2C97}"
EndProject
Project("{2150E333-8FDC-42A3-9474-1A3956D46DE8}") = "Ex9", "Ex9", "{15A1D167-5495-4F3A-888B-2958EB4A1C11}"
EndProject
Project("{9A19103F-16F7-4668-BE54-9A1E7A4F7556}") = "Ex9.ConsoleApp", "Ex9.ConsoleApp\Ex9.ConsoleApp.csproj", "{DA929D87-BEEE-4618-8C72-0F58DD7D8ED7}"
EndProject
Project("{2150E333-8FDC-42A3-9474-1A3956D46DE8}") = "Ex10", "Ex10", "{4703ED66-8D07-4B4E-B5EA-A9F9FECE1C21}"
EndProject
Project("{9A19103F-16F7-4668-BE54-9A1E7A4F7556}") = "Ex10.ConsoleApp", "Ex10.ConsoleApp\Ex10.ConsoleApp.csproj", "{35EAF1AA-9B5E-4AB6-B498-5AACF4658278}"
EndProject
Project("{2150E333-8FDC-42A3-9474-1A3956D46DE8}") = "Ex11", "Ex11", "{7FAC7842-85D9-4ACB-9C41-A350C139D584}"
EndProject
Project("{FAE04EC0-301F-11D3-BF4B-00C04F79EFBC}") = "Ex11.ConsoleApp", "Ex11.ConsoleApp\Ex11.ConsoleApp.csproj", "{157A5F09-279B-48D2-9352-6233B1769E1C}"
EndProject
Project("{2150E333-8FDC-42A3-9474-1A3956D46DE8}") = "Ex12", "Ex12", "{EF519F7D-034E-495B-9F17-7AFC63EBB2CC}"
EndProject
Project("{FAE04EC0-301F-11D3-BF4B-00C04F79EFBC}") = "Ex12.ConsoleApp", "Ex12.ConsoleApp\Ex12.ConsoleApp.csproj", "{A7C10EFA-3C9A-4B9C-B66D-82C47110E82B}"
EndProject
Project("{2150E333-8FDC-42A3-9474-1A3956D46DE8}") = "Ex13", "Ex13", "{51D91231-D0C7-4647-A8F4-51F98C9C7254}"
EndProject
Project("{FAE04EC0-301F-11D3-BF4B-00C04F79EFBC}") = "Ex13.ConsoleApp", "Ex13.ConsoleApp\Ex13.ConsoleApp.csproj", "{219F783D-7810-4AEE-AAC7-5A67D9A5F737}"
EndProject
Project("{2150E333-8FDC-42A3-9474-1A3956D46DE8}") = "Ex14", "Ex14", "{904460A2-703A-4DB2-B3A3-FDD8CC37452E}"
EndProject
Project("{FAE04EC0-301F-11D3-BF4B-00C04F79EFBC}") = "Ex14.ConsoleApp", "Ex14.ConsoleApp\Ex14.ConsoleApp.csproj", "{FE206D88-7CA9-43C7-8525-C29206D20A45}"
EndProject
Project("{2150E333-8FDC-42A3-9474-1A3956D46DE8}") = "Ex15", "Ex15", "{1D4E292B-4AD2-4EC3-9431-64A351C15204}"
EndProject
Project("{FAE04EC0-301F-11D3-BF4B-00C04F79EFBC}") = "Ex15.ConsoleApp", "Ex15.ConsoleApp\Ex15.ConsoleApp.csproj", "{E2A002F5-977E-4C26-A9EC-429B12F79F41}"
EndProject
Project("{2150E333-8FDC-42A3-9474-1A3956D46DE8}") = "Ex16", "Ex16", "{52FC25BE-D7A6-4173-86DB-491C19EDE647}"
EndProject
Project("{FAE04EC0-301F-11D3-BF4B-00C04F79EFBC}") = "Ex16.ConsoleApp", "Ex16.ConsoleApp\Ex16.ConsoleApp.csproj", "{ABD9B0BA-D891-451F-9EBC-FAE4466DEFF4}"
EndProject
Project("{2150E333-8FDC-42A3-9474-1A3956D46DE8}") = "Ex17", "Ex17", "{7B0571C3-BD54-4BE4-B360-47A4565F1AAA}"
EndProject
Project("{FAE04EC0-301F-11D3-BF4B-00C04F79EFBC}") = "Ex17.ConsoleApp", "Ex17.ConsoleApp\Ex17.ConsoleApp.csproj", "{94C7ACAF-FC4A-439F-A8B7-319335C09BCC}"
EndProject
Project("{2150E333-8FDC-42A3-9474-1A3956D46DE8}") = "Ex18", "Ex18", "{9EC6B2CA-2D82-465A-99EF-2D179BB1E23D}"
EndProject
Project("{FAE04EC0-301F-11D3-BF4B-00C04F79EFBC}") = "Ex18.ConsoleApp", "Ex18.ConsoleApp\Ex18.ConsoleApp.csproj", "{C101A361-963A-4B73-AB63-3BB9B46AC9EB}"
EndProject
Project("{2150E333-8FDC-42A3-9474-1A3956D46DE8}") = "Ex19", "Ex19", "{454319C9-D23B-4C0D-9B57-33AEDAA65FD9}"
EndProject
Project("{FAE04EC0-301F-11D3-BF4B-00C04F79EFBC}") = "Ex19.ConsoleApp", "Ex19.ConsoleApp\Ex19.ConsoleApp.csproj", "{51CCE8C2-FBA5-4B5F-B041-FBAD9DEEB950}"
EndProject
Project("{2150E333-8FDC-42A3-9474-1A3956D46DE8}") = "Ex20", "Ex20", "{7A1A772A-99C2-42E7-A77B-F2EB1E85FEA3}"
EndProject
Project("{FAE04EC0-301F-11D3-BF4B-00C04F79EFBC}") = "Ex20.ConsoleApp", "Ex20.ConsoleApp\Ex20.ConsoleApp.csproj", "{4A88AD08-3EA9-4199-B326-E73AB5ED4B1B}"
EndProject
Global
	GlobalSection(SolutionConfigurationPlatforms) = preSolution
		Debug|Any CPU = Debug|Any CPU
		Release|Any CPU = Release|Any CPU
	EndGlobalSection
	GlobalSection(ProjectConfigurationPlatforms) = postSolution
		{8AFFCFEC-286E-42A6-B2C2-D7B1DF3D2408}.Debug|Any CPU.ActiveCfg = Debug|Any CPU
		{8AFFCFEC-286E-42A6-B2C2-D7B1DF3D2408}.Debug|Any CPU.Build.0 = Debug|Any CPU
		{8AFFCFEC-286E-42A6-B2C2-D7B1DF3D2408}.Release|Any CPU.ActiveCfg = Release|Any CPU
		{8AFFCFEC-286E-42A6-B2C2-D7B1DF3D2408}.Release|Any CPU.Build.0 = Release|Any CPU
		{874BB93E-2E1F-410F-822D-DC8A76CC90D4}.Debug|Any CPU.ActiveCfg = Debug|Any CPU
		{874BB93E-2E1F-410F-822D-DC8A76CC90D4}.Debug|Any CPU.Build.0 = Debug|Any CPU
		{874BB93E-2E1F-410F-822D-DC8A76CC90D4}.Release|Any CPU.ActiveCfg = Release|Any CPU
		{874BB93E-2E1F-410F-822D-DC8A76CC90D4}.Release|Any CPU.Build.0 = Release|Any CPU
		{C3C4DBFC-7B73-4639-AABE-998BFF338A8F}.Debug|Any CPU.ActiveCfg = Debug|Any CPU
		{C3C4DBFC-7B73-4639-AABE-998BFF338A8F}.Debug|Any CPU.Build.0 = Debug|Any CPU
		{C3C4DBFC-7B73-4639-AABE-998BFF338A8F}.Release|Any CPU.ActiveCfg = Release|Any CPU
		{C3C4DBFC-7B73-4639-AABE-998BFF338A8F}.Release|Any CPU.Build.0 = Release|Any CPU
		{53E5B776-37E4-476F-9A11-AD703E72B54E}.Debug|Any CPU.ActiveCfg = Debug|Any CPU
		{53E5B776-37E4-476F-9A11-AD703E72B54E}.Debug|Any CPU.Build.0 = Debug|Any CPU
		{53E5B776-37E4-476F-9A11-AD703E72B54E}.Release|Any CPU.ActiveCfg = Release|Any CPU
		{53E5B776-37E4-476F-9A11-AD703E72B54E}.Release|Any CPU.Build.0 = Release|Any CPU
		{19D20AC1-E57F-4246-9343-F6C226C54CB6}.Debug|Any CPU.ActiveCfg = Debug|Any CPU
		{19D20AC1-E57F-4246-9343-F6C226C54CB6}.Debug|Any CPU.Build.0 = Debug|Any CPU
		{19D20AC1-E57F-4246-9343-F6C226C54CB6}.Release|Any CPU.ActiveCfg = Release|Any CPU
		{19D20AC1-E57F-4246-9343-F6C226C54CB6}.Release|Any CPU.Build.0 = Release|Any CPU
		{F0002805-4C46-484E-8367-D5F3D2660AF0}.Debug|Any CPU.ActiveCfg = Debug|Any CPU
		{F0002805-4C46-484E-8367-D5F3D2660AF0}.Debug|Any CPU.Build.0 = Debug|Any CPU
		{F0002805-4C46-484E-8367-D5F3D2660AF0}.Release|Any CPU.ActiveCfg = Release|Any CPU
		{F0002805-4C46-484E-8367-D5F3D2660AF0}.Release|Any CPU.Build.0 = Release|Any CPU
		{D09C8449-6212-4ADD-AA67-21757AC6DD9C}.Debug|Any CPU.ActiveCfg = Debug|Any CPU
		{D09C8449-6212-4ADD-AA67-21757AC6DD9C}.Debug|Any CPU.Build.0 = Debug|Any CPU
		{D09C8449-6212-4ADD-AA67-21757AC6DD9C}.Release|Any CPU.ActiveCfg = Release|Any CPU
		{D09C8449-6212-4ADD-AA67-21757AC6DD9C}.Release|Any CPU.Build.0 = Release|Any CPU
		{CA8AD508-05D5-4BA5-BDDF-A394DC4E2C97}.Debug|Any CPU.ActiveCfg = Debug|Any CPU
		{CA8AD508-05D5-4BA5-BDDF-A394DC4E2C97}.Debug|Any CPU.Build.0 = Debug|Any CPU
		{CA8AD508-05D5-4BA5-BDDF-A394DC4E2C97}.Release|Any CPU.ActiveCfg = Release|Any CPU
		{CA8AD508-05D5-4BA5-BDDF-A394DC4E2C97}.Release|Any CPU.Build.0 = Release|Any CPU
		{DA929D87-BEEE-4618-8C72-0F58DD7D8ED7}.Debug|Any CPU.ActiveCfg = Debug|Any CPU
		{DA929D87-BEEE-4618-8C72-0F58DD7D8ED7}.Debug|Any CPU.Build.0 = Debug|Any CPU
		{DA929D87-BEEE-4618-8C72-0F58DD7D8ED7}.Release|Any CPU.ActiveCfg = Release|Any CPU
		{DA929D87-BEEE-4618-8C72-0F58DD7D8ED7}.Release|Any CPU.Build.0 = Release|Any CPU
		{35EAF1AA-9B5E-4AB6-B498-5AACF4658278}.Debug|Any CPU.ActiveCfg = Debug|Any CPU
		{35EAF1AA-9B5E-4AB6-B498-5AACF4658278}.Debug|Any CPU.Build.0 = Debug|Any CPU
		{35EAF1AA-9B5E-4AB6-B498-5AACF4658278}.Release|Any CPU.ActiveCfg = Release|Any CPU
		{35EAF1AA-9B5E-4AB6-B498-5AACF4658278}.Release|Any CPU.Build.0 = Release|Any CPU
		{157A5F09-279B-48D2-9352-6233B1769E1C}.Debug|Any CPU.ActiveCfg = Debug|Any CPU
		{157A5F09-279B-48D2-9352-6233B1769E1C}.Debug|Any CPU.Build.0 = Debug|Any CPU
		{157A5F09-279B-48D2-9352-6233B1769E1C}.Release|Any CPU.ActiveCfg = Release|Any CPU
		{157A5F09-279B-48D2-9352-6233B1769E1C}.Release|Any CPU.Build.0 = Release|Any CPU
		{A7C10EFA-3C9A-4B9C-B66D-82C47110E82B}.Debug|Any CPU.ActiveCfg = Debug|Any CPU
		{A7C10EFA-3C9A-4B9C-B66D-82C47110E82B}.Debug|Any CPU.Build.0 = Debug|Any CPU
		{A7C10EFA-3C9A-4B9C-B66D-82C47110E82B}.Release|Any CPU.ActiveCfg = Release|Any CPU
		{A7C10EFA-3C9A-4B9C-B66D-82C47110E82B}.Release|Any CPU.Build.0 = Release|Any CPU
		{219F783D-7810-4AEE-AAC7-5A67D9A5F737}.Debug|Any CPU.ActiveCfg = Debug|Any CPU
		{219F783D-7810-4AEE-AAC7-5A67D9A5F737}.Debug|Any CPU.Build.0 = Debug|Any CPU
		{219F783D-7810-4AEE-AAC7-5A67D9A5F737}.Release|Any CPU.ActiveCfg = Release|Any CPU
		{219F783D-7810-4AEE-AAC7-5A67D9A5F737}.Release|Any CPU.Build.0 = Release|Any CPU
		{FE206D88-7CA9-43C7-8525-C29206D20A45}.Debug|Any CPU.ActiveCfg = Debug|Any CPU
		{FE206D88-7CA9-43C7-8525-C29206D20A45}.Debug|Any CPU.Build.0 = Debug|Any CPU
		{FE206D88-7CA9-43C7-8525-C29206D20A45}.Release|Any CPU.ActiveCfg = Release|Any CPU
		{FE206D88-7CA9-43C7-8525-C29206D20A45}.Release|Any CPU.Build.0 = Release|Any CPU
		{E2A002F5-977E-4C26-A9EC-429B12F79F41}.Debug|Any CPU.ActiveCfg = Debug|Any CPU
		{E2A002F5-977E-4C26-A9EC-429B12F79F41}.Debug|Any CPU.Build.0 = Debug|Any CPU
		{E2A002F5-977E-4C26-A9EC-429B12F79F41}.Release|Any CPU.ActiveCfg = Release|Any CPU
		{E2A002F5-977E-4C26-A9EC-429B12F79F41}.Release|Any CPU.Build.0 = Release|Any CPU
		{ABD9B0BA-D891-451F-9EBC-FAE4466DEFF4}.Debug|Any CPU.ActiveCfg = Debug|Any CPU
		{ABD9B0BA-D891-451F-9EBC-FAE4466DEFF4}.Debug|Any CPU.Build.0 = Debug|Any CPU
		{ABD9B0BA-D891-451F-9EBC-FAE4466DEFF4}.Release|Any CPU.ActiveCfg = Release|Any CPU
		{ABD9B0BA-D891-451F-9EBC-FAE4466DEFF4}.Release|Any CPU.Build.0 = Release|Any CPU
		{94C7ACAF-FC4A-439F-A8B7-319335C09BCC}.Debug|Any CPU.ActiveCfg = Debug|Any CPU
		{94C7ACAF-FC4A-439F-A8B7-319335C09BCC}.Debug|Any CPU.Build.0 = Debug|Any CPU
		{94C7ACAF-FC4A-439F-A8B7-319335C09BCC}.Release|Any CPU.ActiveCfg = Release|Any CPU
		{94C7ACAF-FC4A-439F-A8B7-319335C09BCC}.Release|Any CPU.Build.0 = Release|Any CPU
		{C101A361-963A-4B73-AB63-3BB9B46AC9EB}.Debug|Any CPU.ActiveCfg = Debug|Any CPU
		{C101A361-963A-4B73-AB63-3BB9B46AC9EB}.Debug|Any CPU.Build.0 = Debug|Any CPU
		{C101A361-963A-4B73-AB63-3BB9B46AC9EB}.Release|Any CPU.ActiveCfg = Release|Any CPU
		{C101A361-963A-4B73-AB63-3BB9B46AC9EB}.Release|Any CPU.Build.0 = Release|Any CPU
		{51CCE8C2-FBA5-4B5F-B041-FBAD9DEEB950}.Debug|Any CPU.ActiveCfg = Debug|Any CPU
		{51CCE8C2-FBA5-4B5F-B041-FBAD9DEEB950}.Debug|Any CPU.Build.0 = Debug|Any CPU
		{51CCE8C2-FBA5-4B5F-B041-FBAD9DEEB950}.Release|Any CPU.ActiveCfg = Release|Any CPU
		{51CCE8C2-FBA5-4B5F-B041-FBAD9DEEB950}.Release|Any CPU.Build.0 = Release|Any CPU
		{4A88AD08-3EA9-4199-B326-E73AB5ED4B1B}.Debug|Any CPU.ActiveCfg = Debug|Any CPU
		{4A88AD08-3EA9-4199-B326-E73AB5ED4B1B}.Debug|Any CPU.Build.0 = Debug|Any CPU
		{4A88AD08-3EA9-4199-B326-E73AB5ED4B1B}.Release|Any CPU.ActiveCfg = Release|Any CPU
		{4A88AD08-3EA9-4199-B326-E73AB5ED4B1B}.Release|Any CPU.Build.0 = Release|Any CPU
	EndGlobalSection
	GlobalSection(SolutionProperties) = preSolution
		HideSolutionNode = FALSE
	EndGlobalSection
	GlobalSection(NestedProjects) = preSolution
		{8AFFCFEC-286E-42A6-B2C2-D7B1DF3D2408} = {FE8CDEFF-1F49-4CD6-8464-8AAD14D372D1}
		{874BB93E-2E1F-410F-822D-DC8A76CC90D4} = {E0EBFE5F-66F8-441B-AD60-8967483FB182}
		{C3C4DBFC-7B73-4639-AABE-998BFF338A8F} = {45501728-478B-4865-BA6E-2916AC58322E}
		{53E5B776-37E4-476F-9A11-AD703E72B54E} = {A0694CD8-B162-49C3-B879-AA0175FD4A1B}
		{19D20AC1-E57F-4246-9343-F6C226C54CB6} = {89304139-CB07-41F0-90E4-F84A5EDCD0D6}
		{F0002805-4C46-484E-8367-D5F3D2660AF0} = {6160E560-A079-4DD6-94D8-E52FD19BBBAC}
		{D09C8449-6212-4ADD-AA67-21757AC6DD9C} = {AF92BAC1-5FAF-4D4F-B031-62B9C2F895FE}
		{CA8AD508-05D5-4BA5-BDDF-A394DC4E2C97} = {7247EE3B-0267-4437-876B-936EA2F1AE02}
		{DA929D87-BEEE-4618-8C72-0F58DD7D8ED7} = {15A1D167-5495-4F3A-888B-2958EB4A1C11}
		{35EAF1AA-9B5E-4AB6-B498-5AACF4658278} = {4703ED66-8D07-4B4E-B5EA-A9F9FECE1C21}
		{157A5F09-279B-48D2-9352-6233B1769E1C} = {7FAC7842-85D9-4ACB-9C41-A350C139D584}
		{A7C10EFA-3C9A-4B9C-B66D-82C47110E82B} = {EF519F7D-034E-495B-9F17-7AFC63EBB2CC}
		{219F783D-7810-4AEE-AAC7-5A67D9A5F737} = {51D91231-D0C7-4647-A8F4-51F98C9C7254}
		{FE206D88-7CA9-43C7-8525-C29206D20A45} = {904460A2-703A-4DB2-B3A3-FDD8CC37452E}
		{E2A002F5-977E-4C26-A9EC-429B12F79F41} = {1D4E292B-4AD2-4EC3-9431-64A351C15204}
		{ABD9B0BA-D891-451F-9EBC-FAE4466DEFF4} = {52FC25BE-D7A6-4173-86DB-491C19EDE647}
		{94C7ACAF-FC4A-439F-A8B7-319335C09BCC} = {7B0571C3-BD54-4BE4-B360-47A4565F1AAA}
		{C101A361-963A-4B73-AB63-3BB9B46AC9EB} = {9EC6B2CA-2D82-465A-99EF-2D179BB1E23D}
		{51CCE8C2-FBA5-4B5F-B041-FBAD9DEEB950} = {454319C9-D23B-4C0D-9B57-33AEDAA65FD9}
		{4A88AD08-3EA9-4199-B326-E73AB5ED4B1B} = {7A1A772A-99C2-42E7-A77B-F2EB1E85FEA3}
	EndGlobalSection
	GlobalSection(ExtensibilityGlobals) = postSolution
		SolutionGuid = {6875816A-D371-4374-8476-7CB6EF76A7A0}
	EndGlobalSection
EndGlobal
